
Microsoft Visual Studio Solution File, Format Version 12.00
# Visual Studio 14
VisualStudioVersion = 14.0.24720.0
MinimumVisualStudioVersion = 10.0.40219.1
Project("{FAE04EC0-301F-11D3-BF4B-00C04F79EFBC}") = "webAPITest", "webAPITest\webAPITest.csproj", "{26066451-4766-4044-8773-0D3F45E73F91}"
EndProject
Project("{FAE04EC0-301F-11D3-BF4B-00C04F79EFBC}") = "webAPITest.Business", "webAPITest.Business\webAPITest.Business.csproj", "{94014EC9-AC1B-4598-A8AF-33F63CCDF1AC}"
EndProject
Global
	GlobalSection(SolutionConfigurationPlatforms) = preSolution
		Debug|Any CPU = Debug|Any CPU
		Release|Any CPU = Release|Any CPU
	EndGlobalSection
	GlobalSection(ProjectConfigurationPlatforms) = postSolution
		{26066451-4766-4044-8773-0D3F45E73F91}.Debug|Any CPU.ActiveCfg = Debug|Any CPU
		{26066451-4766-4044-8773-0D3F45E73F91}.Debug|Any CPU.Build.0 = Debug|Any CPU
		{26066451-4766-4044-8773-0D3F45E73F91}.Release|Any CPU.ActiveCfg = Release|Any CPU
		{26066451-4766-4044-8773-0D3F45E73F91}.Release|Any CPU.Build.0 = Release|Any CPU
		{94014EC9-AC1B-4598-A8AF-33F63CCDF1AC}.Debug|Any CPU.ActiveCfg = Debug|Any CPU
		{94014EC9-AC1B-4598-A8AF-33F63CCDF1AC}.Debug|Any CPU.Build.0 = Debug|Any CPU
		{94014EC9-AC1B-4598-A8AF-33F63CCDF1AC}.Release|Any CPU.ActiveCfg = Release|Any CPU
		{94014EC9-AC1B-4598-A8AF-33F63CCDF1AC}.Release|Any CPU.Build.0 = Release|Any CPU
	EndGlobalSection
	GlobalSection(SolutionProperties) = preSolution
		HideSolutionNode = FALSE
	EndGlobalSection
EndGlobal
